
Microsoft Visual Studio Solution File, Format Version 12.00
# Visual Studio Version 17
VisualStudioVersion = 17.12.35527.113 d17.12
MinimumVisualStudioVersion = 10.0.40219.1
Project("{FAE04EC0-301F-11D3-BF4B-00C04F79EFBC}") = "MoviesProject", "MoviesProject\MoviesProject.csproj", "{6A8EBB43-A065-43A5-A43A-39324D0F9376}"
EndProject
Project("{FAE04EC0-301F-11D3-BF4B-00C04F79EFBC}") = "BLL", "BLL\BLL.csproj", "{FEF9F94E-6453-4CE0-9BC9-4D9D154A9F94}"
EndProject
Global
	GlobalSection(SolutionConfigurationPlatforms) = preSolution
		Debug|Any CPU = Debug|Any CPU
		Release|Any CPU = Release|Any CPU
	EndGlobalSection
	GlobalSection(ProjectConfigurationPlatforms) = postSolution
		{6A8EBB43-A065-43A5-A43A-39324D0F9376}.Debug|Any CPU.ActiveCfg = Debug|Any CPU
		{6A8EBB43-A065-43A5-A43A-39324D0F9376}.Debug|Any CPU.Build.0 = Debug|Any CPU
		{6A8EBB43-A065-43A5-A43A-39324D0F9376}.Release|Any CPU.ActiveCfg = Release|Any CPU
		{6A8EBB43-A065-43A5-A43A-39324D0F9376}.Release|Any CPU.Build.0 = Release|Any CPU
		{FEF9F94E-6453-4CE0-9BC9-4D9D154A9F94}.Debug|Any CPU.ActiveCfg = Debug|Any CPU
		{FEF9F94E-6453-4CE0-9BC9-4D9D154A9F94}.Debug|Any CPU.Build.0 = Debug|Any CPU
		{FEF9F94E-6453-4CE0-9BC9-4D9D154A9F94}.Release|Any CPU.ActiveCfg = Release|Any CPU
		{FEF9F94E-6453-4CE0-9BC9-4D9D154A9F94}.Release|Any CPU.Build.0 = Release|Any CPU
	EndGlobalSection
	GlobalSection(SolutionProperties) = preSolution
		HideSolutionNode = FALSE
	EndGlobalSection
EndGlobal
